<Solution>
  <Configurations>
    <Platform Name="Any CPU" />
  </Configurations>
  <Project Path="DevMind.Core/DevMind.Core.csproj" />
  <Project Path="DevMind.Cli/DevMind.Cli.csproj" />
 <Project Path="DevMind.McpServer/DevMind.McpServer.csproj" />
 <Project Path="DevMind.TUI/DevMind.TUI.csproj" />
  <Project Path="DevMind.Core.Tests/DevMind.Core.Tests.csproj" />
</Solution>
